
Microsoft Visual Studio Solution File, Format Version 12.00
# Visual Studio Version 16
VisualStudioVersion = 16.0.30225.117
MinimumVisualStudioVersion = 10.0.40219.1
Project("{FAE04EC0-301F-11D3-BF4B-00C04F79EFBC}") = "PingPongB", "PingPongB\PingPongB.csproj", "{CF22E528-ACF2-40CD-8522-1DE2C7402AC5}"
EndProject
Project("{FAE04EC0-301F-11D3-BF4B-00C04F79EFBC}") = "Client", "Client\Client.csproj", "{578B52CE-E21E-46AE-916C-06DFF69E6FA0}"
EndProject
Global
	GlobalSection(SolutionConfigurationPlatforms) = preSolution
		Debug|Any CPU = Debug|Any CPU
		Release|Any CPU = Release|Any CPU
	EndGlobalSection
	GlobalSection(ProjectConfigurationPlatforms) = postSolution
		{CF22E528-ACF2-40CD-8522-1DE2C7402AC5}.Debug|Any CPU.ActiveCfg = Debug|Any CPU
		{CF22E528-ACF2-40CD-8522-1DE2C7402AC5}.Debug|Any CPU.Build.0 = Debug|Any CPU
		{CF22E528-ACF2-40CD-8522-1DE2C7402AC5}.Release|Any CPU.ActiveCfg = Release|Any CPU
		{CF22E528-ACF2-40CD-8522-1DE2C7402AC5}.Release|Any CPU.Build.0 = Release|Any CPU
		{578B52CE-E21E-46AE-916C-06DFF69E6FA0}.Debug|Any CPU.ActiveCfg = Debug|Any CPU
		{578B52CE-E21E-46AE-916C-06DFF69E6FA0}.Debug|Any CPU.Build.0 = Debug|Any CPU
		{578B52CE-E21E-46AE-916C-06DFF69E6FA0}.Release|Any CPU.ActiveCfg = Release|Any CPU
		{578B52CE-E21E-46AE-916C-06DFF69E6FA0}.Release|Any CPU.Build.0 = Release|Any CPU
	EndGlobalSection
	GlobalSection(SolutionProperties) = preSolution
		HideSolutionNode = FALSE
	EndGlobalSection
	GlobalSection(ExtensibilityGlobals) = postSolution
		SolutionGuid = {A6425E1D-4912-401D-8B3E-4FED1381ADAF}
	EndGlobalSection
EndGlobal
